PODS:
  - device_info_plus (0.0.1):
    - Flutter
  - Flutter (1.0.0)
  - flutter_monitor_native (0.1.0):
    - Flutter
  - package_info_plus (0.4.5):
    - Flutter

DEPENDENCIES:
  - device_info_plus (from `.symlinks/plugins/device_info_plus/ios`)
  - Flutter (from `Flutter`)
  - flutter_monitor_native (from `.symlinks/plugins/flutter_monitor_native/ios`)
  - package_info_plus (from `.symlinks/plugins/package_info_plus/ios`)

EXTERNAL SOURCES:
  device_info_plus:
    :path: ".symlinks/plugins/device_info_plus/ios"
  Flutter:
    :path: Flutter
  flutter_monitor_native:
    :path: ".symlinks/plugins/flutter_monitor_native/ios"
  package_info_plus:
    :path: ".symlinks/plugins/package_info_plus/ios"

SPEC CHECKSUMS:
  device_info_plus: 21fcca2080fbcd348be798aa36c3e5ed849eefbe
  Flutter: cabc95a1d2626b1b06e7179b784ebcf0c0cde467
  flutter_monitor_native: 87ea28bb0213ea8b4e69dc43a53abd40bbbb2f76
  package_info_plus: af8e2ca6888548050f16fa2f1938db7b5a5df499

PODFILE CHECKSUM: 3c63482e143d1b91d2d2560aee9fb04ecc74ac7e

COCOAPODS: 1.16.2
